
Microsoft Visual Studio Solution File, Format Version 12.00
# Visual Studio Version 16
VisualStudioVersion = 16.0.31911.196
MinimumVisualStudioVersion = 10.0.40219.1
Project("{FAE04EC0-301F-11D3-BF4B-00C04F79EFBC}") = "EF_PAMOKA", "EF_PAMOKA\EF_PAMOKA.csproj", "{6B19E224-7CC2-4C32-9557-CE16A48A68C8}"
EndProject
Global
	GlobalSection(SolutionConfigurationPlatforms) = preSolution
		Debug|Any CPU = Debug|Any CPU
		Release|Any CPU = Release|Any CPU
	EndGlobalSection
	GlobalSection(ProjectConfigurationPlatforms) = postSolution
		{6B19E224-7CC2-4C32-9557-CE16A48A68C8}.Debug|Any CPU.ActiveCfg = Debug|Any CPU
		{6B19E224-7CC2-4C32-9557-CE16A48A68C8}.Debug|Any CPU.Build.0 = Debug|Any CPU
		{6B19E224-7CC2-4C32-9557-CE16A48A68C8}.Release|Any CPU.ActiveCfg = Release|Any CPU
		{6B19E224-7CC2-4C32-9557-CE16A48A68C8}.Release|Any CPU.Build.0 = Release|Any CPU
	EndGlobalSection
	GlobalSection(SolutionProperties) = preSolution
		HideSolutionNode = FALSE
	EndGlobalSection
	GlobalSection(ExtensibilityGlobals) = postSolution
		SolutionGuid = {7ED7C3E2-1A84-493F-A230-3B6703A5A46F}
	EndGlobalSection
EndGlobal
